
Microsoft Visual Studio Solution File, Format Version 12.00
# Visual Studio Version 16
VisualStudioVersion = 16.0.31213.239
MinimumVisualStudioVersion = 10.0.40219.1
Project("{9A19103F-16F7-4668-BE54-9A1E7A4F7556}") = "DatesRanger", "DatesRanger\DatesRanger.csproj", "{0319858A-A851-4215-A1E8-F278EA57B96A}"
EndProject
Project("{FAE04EC0-301F-11D3-BF4B-00C04F79EFBC}") = "DatesRanger.Tests", "DatesRanger.Tests\DatesRanger.Tests.csproj", "{063198D9-9E5B-4B9D-97CD-01EAA0E22935}"
EndProject
Global
	GlobalSection(SolutionConfigurationPlatforms) = preSolution
		Debug|Any CPU = Debug|Any CPU
		Release|Any CPU = Release|Any CPU
	EndGlobalSection
	GlobalSection(ProjectConfigurationPlatforms) = postSolution
		{0319858A-A851-4215-A1E8-F278EA57B96A}.Debug|Any CPU.ActiveCfg = Debug|Any CPU
		{0319858A-A851-4215-A1E8-F278EA57B96A}.Debug|Any CPU.Build.0 = Debug|Any CPU
		{0319858A-A851-4215-A1E8-F278EA57B96A}.Release|Any CPU.ActiveCfg = Release|Any CPU
		{0319858A-A851-4215-A1E8-F278EA57B96A}.Release|Any CPU.Build.0 = Release|Any CPU
		{063198D9-9E5B-4B9D-97CD-01EAA0E22935}.Debug|Any CPU.ActiveCfg = Debug|Any CPU
		{063198D9-9E5B-4B9D-97CD-01EAA0E22935}.Debug|Any CPU.Build.0 = Debug|Any CPU
		{063198D9-9E5B-4B9D-97CD-01EAA0E22935}.Release|Any CPU.ActiveCfg = Release|Any CPU
		{063198D9-9E5B-4B9D-97CD-01EAA0E22935}.Release|Any CPU.Build.0 = Release|Any CPU
	EndGlobalSection
	GlobalSection(SolutionProperties) = preSolution
		HideSolutionNode = FALSE
	EndGlobalSection
	GlobalSection(ExtensibilityGlobals) = postSolution
		SolutionGuid = {9B35D63A-143C-46E3-9F93-6ADB3957D9B2}
	EndGlobalSection
EndGlobal
